
Microsoft Visual Studio Solution File, Format Version 12.00
# Visual Studio Version 17
VisualStudioVersion = 17.5.33424.131
MinimumVisualStudioVersion = 10.0.40219.1
Project("{FAE04EC0-301F-11D3-BF4B-00C04F79EFBC}") = "Performance Log", "Performance Log\Performance Log.csproj", "{E93068A6-2F70-4041-BDCC-FF872B13B756}"
EndProject
Global
	GlobalSection(SolutionConfigurationPlatforms) = preSolution
		Debug|Any CPU = Debug|Any CPU
		Release|Any CPU = Release|Any CPU
	EndGlobalSection
	GlobalSection(ProjectConfigurationPlatforms) = postSolution
		{E93068A6-2F70-4041-BDCC-FF872B13B756}.Debug|Any CPU.ActiveCfg = Debug|Any CPU
		{E93068A6-2F70-4041-BDCC-FF872B13B756}.Debug|Any CPU.Build.0 = Debug|Any CPU
		{E93068A6-2F70-4041-BDCC-FF872B13B756}.Release|Any CPU.ActiveCfg = Release|Any CPU
		{E93068A6-2F70-4041-BDCC-FF872B13B756}.Release|Any CPU.Build.0 = Release|Any CPU
	EndGlobalSection
	GlobalSection(SolutionProperties) = preSolution
		HideSolutionNode = FALSE
	EndGlobalSection
	GlobalSection(ExtensibilityGlobals) = postSolution
		SolutionGuid = {DF80328A-80E9-46D7-9576-D1198D0AC597}
	EndGlobalSection
EndGlobal
